<?xml version="1.0" encoding="utf-8"?>
<Project ToolsVersion="4.0" xmlns="http://schemas.microsoft.com/developer/msbuild/2003">
  <ItemGroup>
    <Filter Include="Исходные файлы">
      <UniqueIdentifier>{4FC737F1-C7A5-4376-A066-2A32D752A2FF}</UniqueIdentifier>
      <Extensions>cpp;c;cc;cxx;c++;cppm;ixx;def;odl;idl;hpj;bat;asm;asmx</Extensions>
    </Filter>
    <Filter Include="Файлы заголовков">
      <UniqueIdentifier>{93995380-89BD-4b04-88EB-625FBE52EBFB}</UniqueIdentifier>
      <Extensions>h;hh;hpp;hxx;h++;hm;inl;inc;ipp;xsd</Extensions>
    </Filter>
    <Filter Include="Файлы ресурсов">
      <UniqueIdentifier>{67DA6AB6-F800-4c08-8B7A-83BB121AAD01}</UniqueIdentifier>
      <Extensions>rc;ico;cur;bmp;dlg;rc2;rct;bin;rgs;gif;jpg;jpeg;jpe;resx;tiff;tif;png;wav;mfcribbon-ms</Extensions>
    </Filter>
    <Filter Include="gui">
      <UniqueIdentifier>{ff3db701-d0b1-4d0b-9a38-3fef326484da}</UniqueIdentifier>
    </Filter>
    <Filter Include="gui\imgui">
      <UniqueIdentifier>{6e1792ac-b94c-4a9f-b71a-109bdfe368f0}</UniqueIdentifier>
    </Filter>
    <Filter Include="graph">
      <UniqueIdentifier>{5626638e-57f9-4263-b0c8-f33c6549e16d}</UniqueIdentifier>
    </Filter>
  </ItemGroup>
  <ItemGroup>
    <ClCompile Include="main.cpp">
      <Filter>Исходные файлы</Filter>
    </ClCompile>
    <ClCompile Include="gui\imgui\imgui.cpp">
      <Filter>gui\imgui</Filter>
    </ClCompile>
    <ClCompile Include="gui\imgui\imgui_demo.cpp">
      <Filter>gui\imgui</Filter>
    </ClCompile>
    <ClCompile Include="gui\imgui\imgui_draw.cpp">
      <Filter>gui\imgui</Filter>
    </ClCompile>
    <ClCompile Include="gui\imgui\imgui_impl_sdl2.cpp">
      <Filter>gui\imgui</Filter>
    </ClCompile>
    <ClCompile Include="gui\imgui\imgui_impl_sdlrenderer2.cpp">
      <Filter>gui\imgui</Filter>
    </ClCompile>
    <ClCompile Include="gui\imgui\imgui_stdlib.cpp">
      <Filter>gui\imgui</Filter>
    </ClCompile>
    <ClCompile Include="gui\imgui\imgui_tables.cpp">
      <Filter>gui\imgui</Filter>
    </ClCompile>
    <ClCompile Include="gui\imgui\imgui_widgets.cpp">
      <Filter>gui\imgui</Filter>
    </ClCompile>
    <ClCompile Include="graph\Graph.cpp">
      <Filter>graph</Filter>
    </ClCompile>
    <ClCompile Include="graph\GraphLoader.cpp">
      <Filter>graph</Filter>
    </ClCompile>
    <ClCompile Include="gui\GraphView.cpp">
      <Filter>gui</Filter>
    </ClCompile>
  </ItemGroup>
  <ItemGroup>
    <ClInclude Include="Basis.h">
      <Filter>Файлы заголовков</Filter>
    </ClInclude>
    <ClInclude Include="Mouse.h">
      <Filter>Файлы заголовков</Filter>
    </ClInclude>
    <ClInclude Include="gui\imgui\imconfig.h">
      <Filter>gui\imgui</Filter>
    </ClInclude>
    <ClInclude Include="gui\imgui\imgui.h">
      <Filter>gui\imgui</Filter>
    </ClInclude>
    <ClInclude Include="gui\imgui\imgui_impl_sdl2.h">
      <Filter>gui\imgui</Filter>
    </ClInclude>
    <ClInclude Include="gui\imgui\imgui_impl_sdlrenderer2.h">
      <Filter>gui\imgui</Filter>
    </ClInclude>
    <ClInclude Include="gui\imgui\imgui_internal.h">
      <Filter>gui\imgui</Filter>
    </ClInclude>
    <ClInclude Include="gui\imgui\imgui_stdlib.h">
      <Filter>gui\imgui</Filter>
    </ClInclude>
    <ClInclude Include="gui\imgui\imstb_rectpack.h">
      <Filter>gui\imgui</Filter>
    </ClInclude>
    <ClInclude Include="gui\imgui\imstb_textedit.h">
      <Filter>gui\imgui</Filter>
    </ClInclude>
    <ClInclude Include="gui\imgui\imstb_truetype.h">
      <Filter>gui\imgui</Filter>
    </ClInclude>
    <ClInclude Include="graph\AdjacencyMatrix.h">
      <Filter>graph</Filter>
    </ClInclude>
    <ClInclude Include="graph\Graph.h">
      <Filter>graph</Filter>
    </ClInclude>
    <ClInclude Include="graph\GraphLoader.h">
      <Filter>graph</Filter>
    </ClInclude>
    <ClInclude Include="graph\GraphPrinter.hpp">
      <Filter>graph</Filter>
    </ClInclude>
    <ClInclude Include="graph\GraphRelations.h">
      <Filter>graph</Filter>
    </ClInclude>
    <ClInclude Include="gui\RenderMisc.h">
      <Filter>gui</Filter>
    </ClInclude>
    <ClInclude Include="gui\GraphView.h">
      <Filter>gui</Filter>
    </ClInclude>
    <ClInclude Include="StringHelper.h">
      <Filter>Файлы заголовков</Filter>
    </ClInclude>
    <ClInclude Include="gui\ImguiRelationAddingPopup.hpp">
      <Filter>gui</Filter>
    </ClInclude>
    <ClInclude Include="gui\ImguiPopup.hpp">
      <Filter>gui</Filter>
    </ClInclude>
  </ItemGroup>
  <ItemGroup>
    <None Include="gui\imgui\imgui.gdb">
      <Filter>gui\imgui</Filter>
    </None>
    <None Include="gui\imgui\imgui.natstepfilter">
      <Filter>gui\imgui</Filter>
    </None>
  </ItemGroup>
  <ItemGroup>
    <Text Include="res\graph1.txt">
      <Filter>Файлы ресурсов</Filter>
    </Text>
    <Text Include="res\graph2.txt">
      <Filter>Файлы ресурсов</Filter>
    </Text>
    <Text Include="res\graph3.txt">
      <Filter>Файлы ресурсов</Filter>
    </Text>
    <Text Include="res\graph4.txt">
      <Filter>Файлы ресурсов</Filter>
    </Text>
  </ItemGroup>
</Project>